
Microsoft Visual Studio Solution File, Format Version 12.00
# Visual Studio Version 16
VisualStudioVersion = 16.0.30128.74
MinimumVisualStudioVersion = 10.0.40219.1
Project("{FAE04EC0-301F-11D3-BF4B-00C04F79EFBC}") = "VoiceRecord", "VoiceRecord\VoiceRecord.csproj", "{A928A3CA-3801-4156-86F6-4E17083503AE}"
EndProject
Global
	GlobalSection(SolutionConfigurationPlatforms) = preSolution
		Debug|Any CPU = Debug|Any CPU
		Release|Any CPU = Release|Any CPU
	EndGlobalSection
	GlobalSection(ProjectConfigurationPlatforms) = postSolution
		{A928A3CA-3801-4156-86F6-4E17083503AE}.Debug|Any CPU.ActiveCfg = Debug|Any CPU
		{A928A3CA-3801-4156-86F6-4E17083503AE}.Debug|Any CPU.Build.0 = Debug|Any CPU
		{A928A3CA-3801-4156-86F6-4E17083503AE}.Release|Any CPU.ActiveCfg = Release|Any CPU
		{A928A3CA-3801-4156-86F6-4E17083503AE}.Release|Any CPU.Build.0 = Release|Any CPU
	EndGlobalSection
	GlobalSection(SolutionProperties) = preSolution
		HideSolutionNode = FALSE
	EndGlobalSection
	GlobalSection(ExtensibilityGlobals) = postSolution
		SolutionGuid = {26BFAFF3-7FF2-453C-8871-C09A389B4AD8}
	EndGlobalSection
EndGlobal
